
Microsoft Visual Studio Solution File, Format Version 12.00
# Visual Studio Version 17
VisualStudioVersion = 17.10.35122.118
MinimumVisualStudioVersion = 10.0.40219.1
Project("{FAE04EC0-301F-11D3-BF4B-00C04F79EFBC}") = "14oqtomberi", "14oqtomberi.csproj", "{CEC5E133-F359-4553-A80B-08EA67655AB7}"
EndProject
Global
	GlobalSection(SolutionConfigurationPlatforms) = preSolution
		Debug|Any CPU = Debug|Any CPU
		Release|Any CPU = Release|Any CPU
	EndGlobalSection
	GlobalSection(ProjectConfigurationPlatforms) = postSolution
		{CEC5E133-F359-4553-A80B-08EA67655AB7}.Debug|Any CPU.ActiveCfg = Debug|Any CPU
		{CEC5E133-F359-4553-A80B-08EA67655AB7}.Debug|Any CPU.Build.0 = Debug|Any CPU
		{CEC5E133-F359-4553-A80B-08EA67655AB7}.Release|Any CPU.ActiveCfg = Release|Any CPU
		{CEC5E133-F359-4553-A80B-08EA67655AB7}.Release|Any CPU.Build.0 = Release|Any CPU
	EndGlobalSection
	GlobalSection(SolutionProperties) = preSolution
		HideSolutionNode = FALSE
	EndGlobalSection
	GlobalSection(ExtensibilityGlobals) = postSolution
		SolutionGuid = {7025FFAC-6027-490D-A0FB-7FAF604ED771}
	EndGlobalSection
EndGlobal
